
Microsoft Visual Studio Solution File, Format Version 12.00
# Visual Studio 2013
VisualStudioVersion = 12.0.21005.1
MinimumVisualStudioVersion = 10.0.40219.1
Project("{FAE04EC0-301F-11D3-BF4B-00C04F79EFBC}") = "TemplateApp.Web", "TemplateApp.Web\TemplateApp.Web.csproj", "{FFEF120C-5A4D-4DED-91B4-DEF4E5ED2B07}"
EndProject
Project("{FAE04EC0-301F-11D3-BF4B-00C04F79EFBC}") = "TemplateApp.Data", "TemplateApp.Data\TemplateApp.Data.csproj", "{910F74D9-098C-4F8F-9283-29C813A48BA6}"
EndProject
Project("{FAE04EC0-301F-11D3-BF4B-00C04F79EFBC}") = "TemplateApp.Core", "TemplateApp.Core\TemplateApp.Core.csproj", "{D099F55E-37BA-4D2D-B94E-12D62D394840}"
EndProject
Project("{2150E333-8FDC-42A3-9474-1A3956D46DE8}") = ".nuget", ".nuget", "{4FD980EF-3B60-4EDB-BE90-798F3F8F9D07}"
	ProjectSection(SolutionItems) = preProject
		.nuget\NuGet.Config = .nuget\NuGet.Config
		.nuget\NuGet.exe = .nuget\NuGet.exe
		.nuget\NuGet.targets = .nuget\NuGet.targets
	EndProjectSection
EndProject
Project("{FAE04EC0-301F-11D3-BF4B-00C04F79EFBC}") = "TemplateApp.Data.Test", "TemplateApp.Data.Test\TemplateApp.Data.Test.csproj", "{69DC5BD1-4E8C-4794-902D-B6315C9403FB}"
EndProject
Project("{FAE04EC0-301F-11D3-BF4B-00C04F79EFBC}") = "TemplateApp.Web.Test", "TemplateApp.Web.Test\TemplateApp.Web.Test.csproj", "{9D4747AA-6C70-48F0-82A7-4211BF06BB84}"
EndProject
Global
	GlobalSection(SolutionConfigurationPlatforms) = preSolution
		Debug|Any CPU = Debug|Any CPU
		Release|Any CPU = Release|Any CPU
	EndGlobalSection
	GlobalSection(ProjectConfigurationPlatforms) = postSolution
		{FFEF120C-5A4D-4DED-91B4-DEF4E5ED2B07}.Debug|Any CPU.ActiveCfg = Debug|Any CPU
		{FFEF120C-5A4D-4DED-91B4-DEF4E5ED2B07}.Debug|Any CPU.Build.0 = Debug|Any CPU
		{FFEF120C-5A4D-4DED-91B4-DEF4E5ED2B07}.Release|Any CPU.ActiveCfg = Release|Any CPU
		{FFEF120C-5A4D-4DED-91B4-DEF4E5ED2B07}.Release|Any CPU.Build.0 = Release|Any CPU
		{910F74D9-098C-4F8F-9283-29C813A48BA6}.Debug|Any CPU.ActiveCfg = Debug|Any CPU
		{910F74D9-098C-4F8F-9283-29C813A48BA6}.Debug|Any CPU.Build.0 = Debug|Any CPU
		{910F74D9-098C-4F8F-9283-29C813A48BA6}.Release|Any CPU.ActiveCfg = Release|Any CPU
		{910F74D9-098C-4F8F-9283-29C813A48BA6}.Release|Any CPU.Build.0 = Release|Any CPU
		{D099F55E-37BA-4D2D-B94E-12D62D394840}.Debug|Any CPU.ActiveCfg = Debug|Any CPU
		{D099F55E-37BA-4D2D-B94E-12D62D394840}.Debug|Any CPU.Build.0 = Debug|Any CPU
		{D099F55E-37BA-4D2D-B94E-12D62D394840}.Release|Any CPU.ActiveCfg = Release|Any CPU
		{D099F55E-37BA-4D2D-B94E-12D62D394840}.Release|Any CPU.Build.0 = Release|Any CPU
		{69DC5BD1-4E8C-4794-902D-B6315C9403FB}.Debug|Any CPU.ActiveCfg = Debug|Any CPU
		{69DC5BD1-4E8C-4794-902D-B6315C9403FB}.Debug|Any CPU.Build.0 = Debug|Any CPU
		{69DC5BD1-4E8C-4794-902D-B6315C9403FB}.Release|Any CPU.ActiveCfg = Release|Any CPU
		{69DC5BD1-4E8C-4794-902D-B6315C9403FB}.Release|Any CPU.Build.0 = Release|Any CPU
		{9D4747AA-6C70-48F0-82A7-4211BF06BB84}.Debug|Any CPU.ActiveCfg = Debug|Any CPU
		{9D4747AA-6C70-48F0-82A7-4211BF06BB84}.Debug|Any CPU.Build.0 = Debug|Any CPU
		{9D4747AA-6C70-48F0-82A7-4211BF06BB84}.Release|Any CPU.ActiveCfg = Release|Any CPU
		{9D4747AA-6C70-48F0-82A7-4211BF06BB84}.Release|Any CPU.Build.0 = Release|Any CPU
	EndGlobalSection
	GlobalSection(SolutionProperties) = preSolution
		HideSolutionNode = FALSE
	EndGlobalSection
EndGlobal
